{
  "name": "testflow-tests",
  "version": "0.1.0",
  "lockfileVersion": 3,
  "requires": true,
  "packages": {
    "": {
      "name": "testflow-tests",
      "version": "0.1.0",
      "license": "MIT",
      "dependencies": {
        "tflw": "file:vendor/tflw-0.1.0.tgz"
      },
      "engines": {
        "node": ">=22"
      }
    },
    "node_modules/tflw": {
      "version": "0.1.0",
      "resolved": "file:vendor/tflw-0.1.0.tgz",
      "integrity": "sha512-hYz0/aDrHBDicNRwQgEETYtFzad84TofloZp0Hke6XV9VzJZYautTeif/Gf+3Z1oDuJ9f9wJPZRwTi9YAWqfbw==",
      "license": "MIT",
      "bin": {
        "tflw": "dist/cli.cjs"
      },
      "engines": {
        "node": ">=22"
      }
    }
  }
}
