{
  "name": "testflow-tests",
  "version": "0.1.0",
  "lockfileVersion": 3,
  "requires": true,
  "packages": {
    "": {
      "name": "testflow-tests",
      "version": "0.1.0",
      "license": "MIT",
      "dependencies": {
        "tflw": "file:vendor/tflw-0.1.0.tgz"
      },
      "engines": {
        "node": ">=22"
      }
    },
    "node_modules/tflw": {
      "version": "0.1.0",
      "resolved": "file:vendor/tflw-0.1.0.tgz",
      "integrity": "sha512-HDxDzBGiJSZtFbsbqqaXEWKREA/aMrugCekQBC2iAorMG5aQ5y+GIZ3oaNuaWnpfh7jDH8qZGw89yBYjKfpq7g==",
      "license": "MIT",
      "bin": {
        "tflw": "dist/cli.cjs"
      },
      "engines": {
        "node": ">=22"
      }
    }
  }
}
